// !$*UTF8*$!
{
	archiveVersion = 1;
	classes = {
	};
	objectVersion = 46;
	objects = {

/* Begin PBXBuildFile section */
		8C2D9C591F4D162300388EF1 /* NSAttributedString+Size.m in Sources */ = {isa = PBXBuildFile; fileRef = 8C2D9C581F4D162300388EF1 /* NSAttributedString+Size.m */; };
		8C45AA6E1EFCF8A200B33495 /* NSString+LXCategory.m in Sources */ = {isa = PBXBuildFile; fileRef = 8C45AA6D1EFCF8A200B33495 /* NSString+LXCategory.m */; };
		8C45AA711EFCFAD400B33495 /* NSDateUtility.m in Sources */ = {isa = PBXBuildFile; fileRef = 8C45AA701EFCFAD400B33495 /* NSDateUtility.m */; };
		8C6EB8A51EFCBCC200A80034 /* main.m in Sources */ = {isa = PBXBuildFile; fileRef = 8C6EB8A41EFCBCC200A80034 /* main.m */; };
		8C6EB8A81EFCBCC200A80034 /* AppDelegate.m in Sources */ = {isa = PBXBuildFile; fileRef = 8C6EB8A71EFCBCC200A80034 /* AppDelegate.m */; };
		8C6EB8AB1EFCBCC200A80034 /* ViewController.m in Sources */ = {isa = PBXBuildFile; fileRef = 8C6EB8AA1EFCBCC200A80034 /* ViewController.m */; };
		8C6EB8AE1EFCBCC200A80034 /* Main.storyboard in Resources */ = {isa = PBXBuildFile; fileRef = 8C6EB8AC1EFCBCC200A80034 /* Main.storyboard */; };
		8C6EB8B01EFCBCC200A80034 /* Assets.xcassets in Resources */ = {isa = PBXBuildFile; fileRef = 8C6EB8AF1EFCBCC200A80034 /* Assets.xcassets */; };
		8C6EB8B31EFCBCC200A80034 /* LaunchScreen.storyboard in Resources */ = {isa = PBXBuildFile; fileRef = 8C6EB8B11EFCBCC200A80034 /* LaunchScreen.storyboard */; };
		8C6EB8C71EFCBCFC00A80034 /* UIColor+LXCategory.m in Sources */ = {isa = PBXBuildFile; fileRef = 8C6EB8BC1EFCBCFC00A80034 /* UIColor+LXCategory.m */; };
		8C6EB8C81EFCBCFC00A80034 /* UIControl+LXCategory.m in Sources */ = {isa = PBXBuildFile; fileRef = 8C6EB8BE1EFCBCFC00A80034 /* UIControl+LXCategory.m */; };
		8C6EB8C91EFCBCFC00A80034 /* UIImage+LXCategory.m in Sources */ = {isa = PBXBuildFile; fileRef = 8C6EB8C01EFCBCFC00A80034 /* UIImage+LXCategory.m */; };
		8C6EB8CA1EFCBCFC00A80034 /* UIImageView+LXCategory.m in Sources */ = {isa = PBXBuildFile; fileRef = 8C6EB8C21EFCBCFC00A80034 /* UIImageView+LXCategory.m */; };
		8C6EB8CB1EFCBCFC00A80034 /* UITableView+LXCategory.m in Sources */ = {isa = PBXBuildFile; fileRef = 8C6EB8C41EFCBCFC00A80034 /* UITableView+LXCategory.m */; };
		8C6EB8CC1EFCBCFC00A80034 /* UIView+LXCategory.m in Sources */ = {isa = PBXBuildFile; fileRef = 8C6EB8C61EFCBCFC00A80034 /* UIView+LXCategory.m */; };
/* End PBXBuildFile section */

/* Begin PBXFileReference section */
		8C2D9C571F4D162300388EF1 /* NSAttributedString+Size.h */ = {isa = PBXFileReference; fileEncoding = 4; lastKnownFileType = sourcecode.c.h; name = "NSAttributedString+Size.h"; path = "Foundation/NSAttributedString+Size.h"; sourceTree = "<group>"; };
		8C2D9C581F4D162300388EF1 /* NSAttributedString+Size.m */ = {isa = PBXFileReference; fileEncoding = 4; lastKnownFileType = sourcecode.c.objc; name = "NSAttributedString+Size.m"; path = "Foundation/NSAttributedString+Size.m"; sourceTree = "<group>"; };
		8C45AA6C1EFCF8A200B33495 /* NSString+LXCategory.h */ = {isa = PBXFileReference; fileEncoding = 4; lastKnownFileType = sourcecode.c.h; name = "NSString+LXCategory.h"; path = "Foundation/NSString+LXCategory.h"; sourceTree = "<group>"; };
		8C45AA6D1EFCF8A200B33495 /* NSString+LXCategory.m */ = {isa = PBXFileReference; fileEncoding = 4; lastKnownFileType = sourcecode.c.objc; name = "NSString+LXCategory.m"; path = "Foundation/NSString+LXCategory.m"; sourceTree = "<group>"; };
		8C45AA6F1EFCFAD400B33495 /* NSDateUtility.h */ = {isa = PBXFileReference; fileEncoding = 4; lastKnownFileType = sourcecode.c.h; name = NSDateUtility.h; path = Foundation/NSDateUtility.h; sourceTree = "<group>"; };
		8C45AA701EFCFAD400B33495 /* NSDateUtility.m */ = {isa = PBXFileReference; fileEncoding = 4; lastKnownFileType = sourcecode.c.objc; name = NSDateUtility.m; path = Foundation/NSDateUtility.m; sourceTree = "<group>"; };
		8C6EB8A01EFCBCC200A80034 /* LXUtility.app */ = {isa = PBXFileReference; explicitFileType = wrapper.application; includeInIndex = 0; path = LXUtility.app; sourceTree = BUILT_PRODUCTS_DIR; };
		8C6EB8A41EFCBCC200A80034 /* main.m */ = {isa = PBXFileReference; lastKnownFileType = sourcecode.c.objc; path = main.m; sourceTree = "<group>"; };
		8C6EB8A61EFCBCC200A80034 /* AppDelegate.h */ = {isa = PBXFileReference; lastKnownFileType = sourcecode.c.h; path = AppDelegate.h; sourceTree = "<group>"; };
		8C6EB8A71EFCBCC200A80034 /* AppDelegate.m */ = {isa = PBXFileReference; lastKnownFileType = sourcecode.c.objc; path = AppDelegate.m; sourceTree = "<group>"; };
		8C6EB8A91EFCBCC200A80034 /* ViewController.h */ = {isa = PBXFileReference; lastKnownFileType = sourcecode.c.h; path = ViewController.h; sourceTree = "<group>"; };
		8C6EB8AA1EFCBCC200A80034 /* ViewController.m */ = {isa = PBXFileReference; lastKnownFileType = sourcecode.c.objc; path = ViewController.m; sourceTree = "<group>"; };
		8C6EB8AD1EFCBCC200A80034 /* Base */ = {isa = PBXFileReference; lastKnownFileType = file.storyboard; name = Base; path = Base.lproj/Main.storyboard; sourceTree = "<group>"; };
		8C6EB8AF1EFCBCC200A80034 /* Assets.xcassets */ = {isa = PBXFileReference; lastKnownFileType = folder.assetcatalog; path = Assets.xcassets; sourceTree = "<group>"; };
		8C6EB8B21EFCBCC200A80034 /* Base */ = {isa = PBXFileReference; lastKnownFileType = file.storyboard; name = Base; path = Base.lproj/LaunchScreen.storyboard; sourceTree = "<group>"; };
		8C6EB8B41EFCBCC200A80034 /* Info.plist */ = {isa = PBXFileReference; lastKnownFileType = text.plist.xml; path = Info.plist; sourceTree = "<group>"; };
		8C6EB8BB1EFCBCFC00A80034 /* UIColor+LXCategory.h */ = {isa = PBXFileReference; fileEncoding = 4; lastKnownFileType = sourcecode.c.h; path = "UIColor+LXCategory.h"; sourceTree = "<group>"; };
		8C6EB8BC1EFCBCFC00A80034 /* UIColor+LXCategory.m */ = {isa = PBXFileReference; fileEncoding = 4; lastKnownFileType = sourcecode.c.objc; path = "UIColor+LXCategory.m"; sourceTree = "<group>"; };
		8C6EB8BD1EFCBCFC00A80034 /* UIControl+LXCategory.h */ = {isa = PBXFileReference; fileEncoding = 4; lastKnownFileType = sourcecode.c.h; path = "UIControl+LXCategory.h"; sourceTree = "<group>"; };
		8C6EB8BE1EFCBCFC00A80034 /* UIControl+LXCategory.m */ = {isa = PBXFileReference; fileEncoding = 4; lastKnownFileType = sourcecode.c.objc; path = "UIControl+LXCategory.m"; sourceTree = "<group>"; };
		8C6EB8BF1EFCBCFC00A80034 /* UIImage+LXCategory.h */ = {isa = PBXFileReference; fileEncoding = 4; lastKnownFileType = sourcecode.c.h; path = "UIImage+LXCategory.h"; sourceTree = "<group>"; };
		8C6EB8C01EFCBCFC00A80034 /* UIImage+LXCategory.m */ = {isa = PBXFileReference; fileEncoding = 4; lastKnownFileType = sourcecode.c.objc; path = "UIImage+LXCategory.m"; sourceTree = "<group>"; };
		8C6EB8C11EFCBCFC00A80034 /* UIImageView+LXCategory.h */ = {isa = PBXFileReference; fileEncoding = 4; lastKnownFileType = sourcecode.c.h; path = "UIImageView+LXCategory.h"; sourceTree = "<group>"; };
		8C6EB8C21EFCBCFC00A80034 /* UIImageView+LXCategory.m */ = {isa = PBXFileReference; fileEncoding = 4; lastKnownFileType = sourcecode.c.objc; path = "UIImageView+LXCategory.m"; sourceTree = "<group>"; };
		8C6EB8C31EFCBCFC00A80034 /* UITableView+LXCategory.h */ = {isa = PBXFileReference; fileEncoding = 4; lastKnownFileType = sourcecode.c.h; path = "UITableView+LXCategory.h"; sourceTree = "<group>"; };
		8C6EB8C41EFCBCFC00A80034 /* UITableView+LXCategory.m */ = {isa = PBXFileReference; fileEncoding = 4; lastKnownFileType = sourcecode.c.objc; path = "UITableView+LXCategory.m"; sourceTree = "<group>"; };
		8C6EB8C51EFCBCFC00A80034 /* UIView+LXCategory.h */ = {isa = PBXFileReference; fileEncoding = 4; lastKnownFileType = sourcecode.c.h; path = "UIView+LXCategory.h"; sourceTree = "<group>"; };
		8C6EB8C61EFCBCFC00A80034 /* UIView+LXCategory.m */ = {isa = PBXFileReference; fileEncoding = 4; lastKnownFileType = sourcecode.c.objc; path = "UIView+LXCategory.m"; sourceTree = "<group>"; };
/* End PBXFileReference section */

/* Begin PBXFrameworksBuildPhase section */
		8C6EB89D1EFCBCC200A80034 /* Frameworks */ = {
			isa = PBXFrameworksBuildPhase;
			buildActionMask = 2147483647;
			files = (
			);
			runOnlyForDeploymentPostprocessing = 0;
		};
/* End PBXFrameworksBuildPhase section */

/* Begin PBXGroup section */
		8C45AA6B1EFCF7EC00B33495 /* Foundation */ = {
			isa = PBXGroup;
			children = (
				8C45AA6C1EFCF8A200B33495 /* NSString+LXCategory.h */,
				8C45AA6D1EFCF8A200B33495 /* NSString+LXCategory.m */,
				8C45AA6F1EFCFAD400B33495 /* NSDateUtility.h */,
				8C45AA701EFCFAD400B33495 /* NSDateUtility.m */,
				8C2D9C571F4D162300388EF1 /* NSAttributedString+Size.h */,
				8C2D9C581F4D162300388EF1 /* NSAttributedString+Size.m */,
			);
			name = Foundation;
			sourceTree = "<group>";
		};
		8C6EB8971EFCBCC200A80034 = {
			isa = PBXGroup;
			children = (
				8C6EB8A21EFCBCC200A80034 /* LXUtility */,
				8C6EB8A11EFCBCC200A80034 /* Products */,
			);
			sourceTree = "<group>";
		};
		8C6EB8A11EFCBCC200A80034 /* Products */ = {
			isa = PBXGroup;
			children = (
				8C6EB8A01EFCBCC200A80034 /* LXUtility.app */,
			);
			name = Products;
			sourceTree = "<group>";
		};
		8C6EB8A21EFCBCC200A80034 /* LXUtility */ = {
			isa = PBXGroup;
			children = (
				8C45AA6B1EFCF7EC00B33495 /* Foundation */,
				8C6EB8BA1EFCBCFC00A80034 /* UIKit */,
				8C6EB8A61EFCBCC200A80034 /* AppDelegate.h */,
				8C6EB8A71EFCBCC200A80034 /* AppDelegate.m */,
				8C6EB8A91EFCBCC200A80034 /* ViewController.h */,
				8C6EB8AA1EFCBCC200A80034 /* ViewController.m */,
				8C6EB8AC1EFCBCC200A80034 /* Main.storyboard */,
				8C6EB8AF1EFCBCC200A80034 /* Assets.xcassets */,
				8C6EB8B11EFCBCC200A80034 /* LaunchScreen.storyboard */,
				8C6EB8B41EFCBCC200A80034 /* Info.plist */,
				8C6EB8A31EFCBCC200A80034 /* Supporting Files */,
			);
			path = LXUtility;
			sourceTree = "<group>";
		};
		8C6EB8A31EFCBCC200A80034 /* Supporting Files */ = {
			isa = PBXGroup;
			children = (
				8C6EB8A41EFCBCC200A80034 /* main.m */,
			);
			name = "Supporting Files";
			sourceTree = "<group>";
		};
		8C6EB8BA1EFCBCFC00A80034 /* UIKit */ = {
			isa = PBXGroup;
			children = (
				8C6EB8BB1EFCBCFC00A80034 /* UIColor+LXCategory.h */,
				8C6EB8BC1EFCBCFC00A80034 /* UIColor+LXCategory.m */,
				8C6EB8BD1EFCBCFC00A80034 /* UIControl+LXCategory.h */,
				8C6EB8BE1EFCBCFC00A80034 /* UIControl+LXCategory.m */,
				8C6EB8BF1EFCBCFC00A80034 /* UIImage+LXCategory.h */,
				8C6EB8C01EFCBCFC00A80034 /* UIImage+LXCategory.m */,
				8C6EB8C11EFCBCFC00A80034 /* UIImageView+LXCategory.h */,
				8C6EB8C21EFCBCFC00A80034 /* UIImageView+LXCategory.m */,
				8C6EB8C31EFCBCFC00A80034 /* UITableView+LXCategory.h */,
				8C6EB8C41EFCBCFC00A80034 /* UITableView+LXCategory.m */,
				8C6EB8C51EFCBCFC00A80034 /* UIView+LXCategory.h */,
				8C6EB8C61EFCBCFC00A80034 /* UIView+LXCategory.m */,
			);
			path = UIKit;
			sourceTree = "<group>";
		};
/* End PBXGroup section */

/* Begin PBXNativeTarget section */
		8C6EB89F1EFCBCC200A80034 /* LXUtility */ = {
			isa = PBXNativeTarget;
			buildConfigurationList = 8C6EB8B71EFCBCC200A80034 /* Build configuration list for PBXNativeTarget "LXUtility" */;
			buildPhases = (
				8C6EB89C1EFCBCC200A80034 /* Sources */,
				8C6EB89D1EFCBCC200A80034 /* Frameworks */,
				8C6EB89E1EFCBCC200A80034 /* Resources */,
			);
			buildRules = (
			);
			dependencies = (
			);
			name = LXUtility;
			productName = LXUtility;
			productReference = 8C6EB8A01EFCBCC200A80034 /* LXUtility.app */;
			productType = "com.apple.product-type.application";
		};
/* End PBXNativeTarget section */

/* Begin PBXProject section */
		8C6EB8981EFCBCC200A80034 /* Project object */ = {
			isa = PBXProject;
			attributes = {
				LastUpgradeCheck = 0830;
				ORGANIZATIONNAME = sunshine;
				TargetAttributes = {
					8C6EB89F1EFCBCC200A80034 = {
						CreatedOnToolsVersion = 8.3.2;
						ProvisioningStyle = Automatic;
					};
				};
			};
			buildConfigurationList = 8C6EB89B1EFCBCC200A80034 /* Build configuration list for PBXProject "LXUtility" */;
			compatibilityVersion = "Xcode 3.2";
			developmentRegion = English;
			hasScannedForEncodings = 0;
			knownRegions = (
				en,
				Base,
			);
			mainGroup = 8C6EB8971EFCBCC200A80034;
			productRefGroup = 8C6EB8A11EFCBCC200A80034 /* Products */;
			projectDirPath = "";
			projectRoot = "";
			targets = (
				8C6EB89F1EFCBCC200A80034 /* LXUtility */,
			);
		};
/* End PBXProject section */

/* Begin PBXResourcesBuildPhase section */
		8C6EB89E1EFCBCC200A80034 /* Resources */ = {
			isa = PBXResourcesBuildPhase;
			buildActionMask = 2147483647;
			files = (
				8C6EB8B31EFCBCC200A80034 /* LaunchScreen.storyboard in Resources */,
				8C6EB8B01EFCBCC200A80034 /* Assets.xcassets in Resources */,
				8C6EB8AE1EFCBCC200A80034 /* Main.storyboard in Resources */,
			);
			runOnlyForDeploymentPostprocessing = 0;
		};
/* End PBXResourcesBuildPhase section */

/* Begin PBXSourcesBuildPhase section */
		8C6EB89C1EFCBCC200A80034 /* Sources */ = {
			isa = PBXSourcesBuildPhase;
			buildActionMask = 2147483647;
			files = (
				8C6EB8AB1EFCBCC200A80034 /* ViewController.m in Sources */,
				8C45AA6E1EFCF8A200B33495 /* NSString+LXCategory.m in Sources */,
				8C6EB8CB1EFCBCFC00A80034 /* UITableView+LXCategory.m in Sources */,
				8C6EB8C71EFCBCFC00A80034 /* UIColor+LXCategory.m in Sources */,
				8C6EB8CA1EFCBCFC00A80034 /* UIImageView+LXCategory.m in Sources */,
				8C6EB8C81EFCBCFC00A80034 /* UIControl+LXCategory.m in Sources */,
				8C2D9C591F4D162300388EF1 /* NSAttributedString+Size.m in Sources */,
				8C6EB8CC1EFCBCFC00A80034 /* UIView+LXCategory.m in Sources */,
				8C45AA711EFCFAD400B33495 /* NSDateUtility.m in Sources */,
				8C6EB8C91EFCBCFC00A80034 /* UIImage+LXCategory.m in Sources */,
				8C6EB8A81EFCBCC200A80034 /* AppDelegate.m in Sources */,
				8C6EB8A51EFCBCC200A80034 /* main.m in Sources */,
			);
			runOnlyForDeploymentPostprocessing = 0;
		};
/* End PBXSourcesBuildPhase section */

/* Begin PBXVariantGroup section */
		8C6EB8AC1EFCBCC200A80034 /* Main.storyboard */ = {
			isa = PBXVariantGroup;
			children = (
				8C6EB8AD1EFCBCC200A80034 /* Base */,
			);
			name = Main.storyboard;
			sourceTree = "<group>";
		};
		8C6EB8B11EFCBCC200A80034 /* LaunchScreen.storyboard */ = {
			isa = PBXVariantGroup;
			children = (
				8C6EB8B21EFCBCC200A80034 /* Base */,
			);
			name = LaunchScreen.storyboard;
			sourceTree = "<group>";
		};
/* End PBXVariantGroup section */

/* Begin XCBuildConfiguration section */
		8C6EB8B51EFCBCC200A80034 /* Debug */ = {
			isa = XCBuildConfiguration;
			buildSettings = {
				ALWAYS_SEARCH_USER_PATHS = NO;
				CLANG_ANALYZER_NONNULL = YES;
				CLANG_ANALYZER_NUMBER_OBJECT_CONVERSION = YES_AGGRESSIVE;
				CLANG_CXX_LANGUAGE_STANDARD = "gnu++0x";
				CLANG_CXX_LIBRARY = "libc++";
				CLANG_ENABLE_MODULES = YES;
				CLANG_ENABLE_OBJC_ARC = YES;
				CLANG_WARN_BOOL_CONVERSION = YES;
				CLANG_WARN_CONSTANT_CONVERSION = YES;
				CLANG_WARN_DIRECT_OBJC_ISA_USAGE = YES_ERROR;
				CLANG_WARN_DOCUMENTATION_COMMENTS = YES;
				CLANG_WARN_EMPTY_BODY = YES;
				CLANG_WARN_ENUM_CONVERSION = YES;
				CLANG_WARN_INFINITE_RECURSION = YES;
				CLANG_WARN_INT_CONVERSION = YES;
				CLANG_WARN_OBJC_ROOT_CLASS = YES_ERROR;
				CLANG_WARN_SUSPICIOUS_MOVE = YES;
				CLANG_WARN_UNREACHABLE_CODE = YES;
				CLANG_WARN__DUPLICATE_METHOD_MATCH = YES;
				"CODE_SIGN_IDENTITY[sdk=iphoneos*]" = "iPhone Developer";
				COPY_PHASE_STRIP = NO;
				DEBUG_INFORMATION_FORMAT = dwarf;
				ENABLE_STRICT_OBJC_MSGSEND = YES;
				ENABLE_TESTABILITY = YES;
				GCC_C_LANGUAGE_STANDARD = gnu99;
				GCC_DYNAMIC_NO_PIC = NO;
				GCC_NO_COMMON_BLOCKS = YES;
				GCC_OPTIMIZATION_LEVEL = 0;
				GCC_PREPROCESSOR_DEFINITIONS = (
					"DEBUG=1",
					"$(inherited)",
				);
				GCC_WARN_64_TO_32_BIT_CONVERSION = YES;
				GCC_WARN_ABOUT_RETURN_TYPE = YES_ERROR;
				GCC_WARN_UNDECLARED_SELECTOR = YES;
				GCC_WARN_UNINITIALIZED_AUTOS = YES_AGGRESSIVE;
				GCC_WARN_UNUSED_FUNCTION = YES;
				GCC_WARN_UNUSED_VARIABLE = YES;
				IPHONEOS_DEPLOYMENT_TARGET = 10.3;
				MTL_ENABLE_DEBUG_INFO = YES;
				ONLY_ACTIVE_ARCH = YES;
				SDKROOT = iphoneos;
			};
			name = Debug;
		};
		8C6EB8B61EFCBCC200A80034 /* Release */ = {
			isa = XCBuildConfiguration;
			buildSettings = {
				ALWAYS_SEARCH_USER_PATHS = NO;
				CLANG_ANALYZER_NONNULL = YES;
				CLANG_ANALYZER_NUMBER_OBJECT_CONVERSION = YES_AGGRESSIVE;
				CLANG_CXX_LANGUAGE_STANDARD = "gnu++0x";
				CLANG_CXX_LIBRARY = "libc++";
				CLANG_ENABLE_MODULES = YES;
				CLANG_ENABLE_OBJC_ARC = YES;
				CLANG_WARN_BOOL_CONVERSION = YES;
				CLANG_WARN_CONSTANT_CONVERSION = YES;
				CLANG_WARN_DIRECT_OBJC_ISA_USAGE = YES_ERROR;
				CLANG_WARN_DOCUMENTATION_COMMENTS = YES;
				CLANG_WARN_EMPTY_BODY = YES;
				CLANG_WARN_ENUM_CONVERSION = YES;
				CLANG_WARN_INFINITE_RECURSION = YES;
				CLANG_WARN_INT_CONVERSION = YES;
				CLANG_WARN_OBJC_ROOT_CLASS = YES_ERROR;
				CLANG_WARN_SUSPICIOUS_MOVE = YES;
				CLANG_WARN_UNREACHABLE_CODE = YES;
				CLANG_WARN__DUPLICATE_METHOD_MATCH = YES;
				"CODE_SIGN_IDENTITY[sdk=iphoneos*]" = "iPhone Developer";
				COPY_PHASE_STRIP = NO;
				DEBUG_INFORMATION_FORMAT = "dwarf-with-dsym";
				ENABLE_NS_ASSERTIONS = NO;
				ENABLE_STRICT_OBJC_MSGSEND = YES;
				GCC_C_LANGUAGE_STANDARD = gnu99;
				GCC_NO_COMMON_BLOCKS = YES;
				GCC_WARN_64_TO_32_BIT_CONVERSION = YES;
				GCC_WARN_ABOUT_RETURN_TYPE = YES_ERROR;
				GCC_WARN_UNDECLARED_SELECTOR = YES;
				GCC_WARN_UNINITIALIZED_AUTOS = YES_AGGRESSIVE;
				GCC_WARN_UNUSED_FUNCTION = YES;
				GCC_WARN_UNUSED_VARIABLE = YES;
				IPHONEOS_DEPLOYMENT_TARGET = 10.3;
				MTL_ENABLE_DEBUG_INFO = NO;
				SDKROOT = iphoneos;
				VALIDATE_PRODUCT = YES;
			};
			name = Release;
		};
		8C6EB8B81EFCBCC200A80034 /* Debug */ = {
			isa = XCBuildConfiguration;
			buildSettings = {
				ASSETCATALOG_COMPILER_APPICON_NAME = AppIcon;
				INFOPLIST_FILE = LXUtility/Info.plist;
				LD_RUNPATH_SEARCH_PATHS = "$(inherited) @executable_path/Frameworks";
				PRODUCT_BUNDLE_IDENTIFIER = com.sunshine.LXUtility;
				PRODUCT_NAME = "$(TARGET_NAME)";
			};
			name = Debug;
		};
		8C6EB8B91EFCBCC200A80034 /* Release */ = {
			isa = XCBuildConfiguration;
			buildSettings = {
				ASSETCATALOG_COMPILER_APPICON_NAME = AppIcon;
				INFOPLIST_FILE = LXUtility/Info.plist;
				LD_RUNPATH_SEARCH_PATHS = "$(inherited) @executable_path/Frameworks";
				PRODUCT_BUNDLE_IDENTIFIER = com.sunshine.LXUtility;
				PRODUCT_NAME = "$(TARGET_NAME)";
			};
			name = Release;
		};
/* End XCBuildConfiguration section */

/* Begin XCConfigurationList section */
		8C6EB89B1EFCBCC200A80034 /* Build configuration list for PBXProject "LXUtility" */ = {
			isa = XCConfigurationList;
			buildConfigurations = (
				8C6EB8B51EFCBCC200A80034 /* Debug */,
				8C6EB8B61EFCBCC200A80034 /* Release */,
			);
			defaultConfigurationIsVisible = 0;
			defaultConfigurationName = Release;
		};
		8C6EB8B71EFCBCC200A80034 /* Build configuration list for PBXNativeTarget "LXUtility" */ = {
			isa = XCConfigurationList;
			buildConfigurations = (
				8C6EB8B81EFCBCC200A80034 /* Debug */,
				8C6EB8B91EFCBCC200A80034 /* Release */,
			);
			defaultConfigurationIsVisible = 0;
			defaultConfigurationName = Release;
		};
/* End XCConfigurationList section */
	};
	rootObject = 8C6EB8981EFCBCC200A80034 /* Project object */;
}
